// !$*UTF8*$!
{
	archiveVersion = 1;
	classes = {
	};
	objectVersion = 50;
	objects = {

/* Begin PBXBuildFile section */
		98FF20552231ECCC00CAED73 /* AppDelegate.swift in Sources */ = {isa = PBXBuildFile; fileRef = 98FF20542231ECCC00CAED73 /* AppDelegate.swift */; };
		98FF20572231ECCC00CAED73 /* ViewController.swift in Sources */ = {isa = PBXBuildFile; fileRef = 98FF20562231ECCC00CAED73 /* ViewController.swift */; };
		98FF205A2231ECCC00CAED73 /* Main.storyboard in Resources */ = {isa = PBXBuildFile; fileRef = 98FF20582231ECCC00CAED73 /* Main.storyboard */; };
		98FF205C2231ECCD00CAED73 /* Assets.xcassets in Resources */ = {isa = PBXBuildFile; fileRef = 98FF205B2231ECCD00CAED73 /* Assets.xcassets */; };
		98FF205F2231ECCD00CAED73 /* LaunchScreen.storyboard in Resources */ = {isa = PBXBuildFile; fileRef = 98FF205D2231ECCD00CAED73 /* LaunchScreen.storyboard */; };
		98FF20642231ECCE00CAED73 /* SpitBallin WatchKit App.app in Embed Watch Content */ = {isa = PBXBuildFile; fileRef = 98FF20632231ECCE00CAED73 /* SpitBallin WatchKit App.app */; };
		98FF206A2231ECCE00CAED73 /* Interface.storyboard in Resources */ = {isa = PBXBuildFile; fileRef = 98FF20682231ECCE00CAED73 /* Interface.storyboard */; };
		98FF206C2231ECCE00CAED73 /* Assets.xcassets in Resources */ = {isa = PBXBuildFile; fileRef = 98FF206B2231ECCE00CAED73 /* Assets.xcassets */; };
		98FF20732231ECCE00CAED73 /* SpitBallin WatchKit Extension.appex in Embed App Extensions */ = {isa = PBXBuildFile; fileRef = 98FF20722231ECCE00CAED73 /* SpitBallin WatchKit Extension.appex */; settings = {ATTRIBUTES = (RemoveHeadersOnCopy, ); }; };
		98FF20782231ECCE00CAED73 /* InterfaceController.swift in Sources */ = {isa = PBXBuildFile; fileRef = 98FF20772231ECCE00CAED73 /* InterfaceController.swift */; };
		98FF207A2231ECCE00CAED73 /* ExtensionDelegate.swift in Sources */ = {isa = PBXBuildFile; fileRef = 98FF20792231ECCE00CAED73 /* ExtensionDelegate.swift */; };
		98FF207C2231ECCF00CAED73 /* Assets.xcassets in Resources */ = {isa = PBXBuildFile; fileRef = 98FF207B2231ECCF00CAED73 /* Assets.xcassets */; };
		98FF208D2231EF0B00CAED73 /* GameView.swift in Sources */ = {isa = PBXBuildFile; fileRef = 98FF208B2231EF0B00CAED73 /* GameView.swift */; };
		98FF208E2231EF0B00CAED73 /* LevelNumber.swift in Sources */ = {isa = PBXBuildFile; fileRef = 98FF208C2231EF0B00CAED73 /* LevelNumber.swift */; };
		98FF209D2231EFD400CAED73 /* fran_left.png in Resources */ = {isa = PBXBuildFile; fileRef = 98FF20992231EFD300CAED73 /* fran_left.png */; };
		98FF209E2231EFD400CAED73 /* fran_right.png in Resources */ = {isa = PBXBuildFile; fileRef = 98FF209A2231EFD300CAED73 /* fran_right.png */; };
		98FF209F2231EFD400CAED73 /* liam_right.png in Resources */ = {isa = PBXBuildFile; fileRef = 98FF209B2231EFD300CAED73 /* liam_right.png */; };
		98FF20A02231EFD400CAED73 /* liam_left.png in Resources */ = {isa = PBXBuildFile; fileRef = 98FF209C2231EFD400CAED73 /* liam_left.png */; };
		98FF20A62231F07F00CAED73 /* spit_sound.wav in Resources */ = {isa = PBXBuildFile; fileRef = 98FF20A42231F07F00CAED73 /* spit_sound.wav */; };
		98FF20A72231F07F00CAED73 /* ball_pop.wav in Resources */ = {isa = PBXBuildFile; fileRef = 98FF20A52231F07F00CAED73 /* ball_pop.wav */; };
		98FF20B42231F0A800CAED73 /* bubble.png in Resources */ = {isa = PBXBuildFile; fileRef = 98FF20A82231F0A700CAED73 /* bubble.png */; };
		98FF20B62231F0A800CAED73 /* gum.png in Resources */ = {isa = PBXBuildFile; fileRef = 98FF20A92231F0A700CAED73 /* gum.png */; };
		98FF20B82231F0A800CAED73 /* pause.png in Resources */ = {isa = PBXBuildFile; fileRef = 98FF20AA2231F0A700CAED73 /* pause.png */; };
		98FF20B92231F0A800CAED73 /* pause.png in Resources */ = {isa = PBXBuildFile; fileRef = 98FF20AA2231F0A700CAED73 /* pause.png */; };
		98FF20BA2231F0A800CAED73 /* fran_normal.png in Resources */ = {isa = PBXBuildFile; fileRef = 98FF20AB2231F0A700CAED73 /* fran_normal.png */; };
		98FF20BB2231F0A800CAED73 /* fran_normal.png in Resources */ = {isa = PBXBuildFile; fileRef = 98FF20AB2231F0A700CAED73 /* fran_normal.png */; };
		98FF20BC2231F0A800CAED73 /* liam_shut.png in Resources */ = {isa = PBXBuildFile; fileRef = 98FF20AC2231F0A700CAED73 /* liam_shut.png */; };
		98FF20BD2231F0A800CAED73 /* liam_shut.png in Resources */ = {isa = PBXBuildFile; fileRef = 98FF20AC2231F0A700CAED73 /* liam_shut.png */; };
		98FF20BE2231F0A800CAED73 /* spit.png in Resources */ = {isa = PBXBuildFile; fileRef = 98FF20AD2231F0A700CAED73 /* spit.png */; };
		98FF20BF2231F0A800CAED73 /* spit.png in Resources */ = {isa = PBXBuildFile; fileRef = 98FF20AD2231F0A700CAED73 /* spit.png */; };
		98FF20C02231F0A800CAED73 /* liam_shoot.png in Resources */ = {isa = PBXBuildFile; fileRef = 98FF20AE2231F0A700CAED73 /* liam_shoot.png */; };
		98FF20C12231F0A800CAED73 /* liam_shoot.png in Resources */ = {isa = PBXBuildFile; fileRef = 98FF20AE2231F0A700CAED73 /* liam_shoot.png */; };
		98FF20C22231F0A800CAED73 /* fran_shoot.png in Resources */ = {isa = PBXBuildFile; fileRef = 98FF20AF2231F0A700CAED73 /* fran_shoot.png */; };
		98FF20C32231F0A800CAED73 /* fran_shoot.png in Resources */ = {isa = PBXBuildFile; fileRef = 98FF20AF2231F0A700CAED73 /* fran_shoot.png */; };
		98FF20C42231F0A800CAED73 /* sports_bottle.png in Resources */ = {isa = PBXBuildFile; fileRef = 98FF20B02231F0A700CAED73 /* sports_bottle.png */; };
		98FF20C62231F0A800CAED73 /* water_bottle.png in Resources */ = {isa = PBXBuildFile; fileRef = 98FF20B12231F0A700CAED73 /* water_bottle.png */; };
		98FF20C72231F0A800CAED73 /* water_bottle.png in Resources */ = {isa = PBXBuildFile; fileRef = 98FF20B12231F0A700CAED73 /* water_bottle.png */; };
		98FF20C82231F0A800CAED73 /* liam_normal.png in Resources */ = {isa = PBXBuildFile; fileRef = 98FF20B22231F0A800CAED73 /* liam_normal.png */; };
		98FF20C92231F0A800CAED73 /* liam_normal.png in Resources */ = {isa = PBXBuildFile; fileRef = 98FF20B22231F0A800CAED73 /* liam_normal.png */; };
		98FF20CA2231F0A800CAED73 /* fran_shut.png in Resources */ = {isa = PBXBuildFile; fileRef = 98FF20B32231F0A800CAED73 /* fran_shut.png */; };
		98FF20CB2231F0A800CAED73 /* fran_shut.png in Resources */ = {isa = PBXBuildFile; fileRef = 98FF20B32231F0A800CAED73 /* fran_shut.png */; };
		98FF20D92231F0D900CAED73 /* Player.swift in Sources */ = {isa = PBXBuildFile; fileRef = 98FF20CC2231F0D800CAED73 /* Player.swift */; };
		98FF20DA2231F0D900CAED73 /* Player.swift in Sources */ = {isa = PBXBuildFile; fileRef = 98FF20CC2231F0D800CAED73 /* Player.swift */; };
		98FF20DB2231F0D900CAED73 /* CircularObject.swift in Sources */ = {isa = PBXBuildFile; fileRef = 98FF20CD2231F0D800CAED73 /* CircularObject.swift */; };
		98FF20DC2231F0D900CAED73 /* CircularObject.swift in Sources */ = {isa = PBXBuildFile; fileRef = 98FF20CD2231F0D800CAED73 /* CircularObject.swift */; };
		98FF20DD2231F0D900CAED73 /* DropType.swift in Sources */ = {isa = PBXBuildFile; fileRef = 98FF20CE2231F0D800CAED73 /* DropType.swift */; };
		98FF20DE2231F0D900CAED73 /* DropType.swift in Sources */ = {isa = PBXBuildFile; fileRef = 98FF20CE2231F0D800CAED73 /* DropType.swift */; };
		98FF20DF2231F0D900CAED73 /* Bullet.swift in Sources */ = {isa = PBXBuildFile; fileRef = 98FF20CF2231F0D800CAED73 /* Bullet.swift */; };
		98FF20E02231F0D900CAED73 /* Bullet.swift in Sources */ = {isa = PBXBuildFile; fileRef = 98FF20CF2231F0D800CAED73 /* Bullet.swift */; };
		98FF20E12231F0D900CAED73 /* Lives.swift in Sources */ = {isa = PBXBuildFile; fileRef = 98FF20D02231F0D800CAED73 /* Lives.swift */; };
		98FF20E22231F0D900CAED73 /* Lives.swift in Sources */ = {isa = PBXBuildFile; fileRef = 98FF20D02231F0D800CAED73 /* Lives.swift */; };
		98FF20E32231F0D900CAED73 /* Ball.swift in Sources */ = {isa = PBXBuildFile; fileRef = 98FF20D12231F0D800CAED73 /* Ball.swift */; };
		98FF20E42231F0D900CAED73 /* Ball.swift in Sources */ = {isa = PBXBuildFile; fileRef = 98FF20D12231F0D800CAED73 /* Ball.swift */; };
		98FF20E52231F0D900CAED73 /* Person.swift in Sources */ = {isa = PBXBuildFile; fileRef = 98FF20D22231F0D800CAED73 /* Person.swift */; };
		98FF20E62231F0D900CAED73 /* Person.swift in Sources */ = {isa = PBXBuildFile; fileRef = 98FF20D22231F0D800CAED73 /* Person.swift */; };
		98FF20E72231F0D900CAED73 /* Level.swift in Sources */ = {isa = PBXBuildFile; fileRef = 98FF20D32231F0D900CAED73 /* Level.swift */; };
		98FF20E82231F0D900CAED73 /* Level.swift in Sources */ = {isa = PBXBuildFile; fileRef = 98FF20D32231F0D900CAED73 /* Level.swift */; };
		98FF20E92231F0D900CAED73 /* BallSize.swift in Sources */ = {isa = PBXBuildFile; fileRef = 98FF20D42231F0D900CAED73 /* BallSize.swift */; };
		98FF20EA2231F0D900CAED73 /* BallSize.swift in Sources */ = {isa = PBXBuildFile; fileRef = 98FF20D42231F0D900CAED73 /* BallSize.swift */; };
		98FF20EB2231F0D900CAED73 /* DynamicCircularObject.swift in Sources */ = {isa = PBXBuildFile; fileRef = 98FF20D52231F0D900CAED73 /* DynamicCircularObject.swift */; };
		98FF20EC2231F0D900CAED73 /* DynamicCircularObject.swift in Sources */ = {isa = PBXBuildFile; fileRef = 98FF20D52231F0D900CAED73 /* DynamicCircularObject.swift */; };
		98FF20ED2231F0D900CAED73 /* Game.swift in Sources */ = {isa = PBXBuildFile; fileRef = 98FF20D62231F0D900CAED73 /* Game.swift */; };
		98FF20EE2231F0D900CAED73 /* Game.swift in Sources */ = {isa = PBXBuildFile; fileRef = 98FF20D62231F0D900CAED73 /* Game.swift */; };
		98FF20EF2231F0D900CAED73 /* Drop.swift in Sources */ = {isa = PBXBuildFile; fileRef = 98FF20D72231F0D900CAED73 /* Drop.swift */; };
		98FF20F02231F0D900CAED73 /* Drop.swift in Sources */ = {isa = PBXBuildFile; fileRef = 98FF20D72231F0D900CAED73 /* Drop.swift */; };
		98FF20F12231F0D900CAED73 /* GameScene.swift in Sources */ = {isa = PBXBuildFile; fileRef = 98FF20D82231F0D900CAED73 /* GameScene.swift */; };
		98FF20F22231F0D900CAED73 /* GameScene.swift in Sources */ = {isa = PBXBuildFile; fileRef = 98FF20D82231F0D900CAED73 /* GameScene.swift */; };
		98FF20F62231F10B00CAED73 /* LevelNumber.swift in Sources */ = {isa = PBXBuildFile; fileRef = 98FF20F32231F10B00CAED73 /* LevelNumber.swift */; };
		98FF20F72231F10B00CAED73 /* NotificationController.swift in Sources */ = {isa = PBXBuildFile; fileRef = 98FF20F42231F10B00CAED73 /* NotificationController.swift */; };
		98FF20F82231F10B00CAED73 /* PushNotificationPayload.apns in Resources */ = {isa = PBXBuildFile; fileRef = 98FF20F52231F10B00CAED73 /* PushNotificationPayload.apns */; };
/* End PBXBuildFile section */

/* Begin PBXContainerItemProxy section */
		98FF20652231ECCE00CAED73 /* PBXContainerItemProxy */ = {
			isa = PBXContainerItemProxy;
			containerPortal = 98FF20492231ECCC00CAED73 /* Project object */;
			proxyType = 1;
			remoteGlobalIDString = 98FF20622231ECCE00CAED73;
			remoteInfo = "SpitBallin WatchKit App";
		};
		98FF20742231ECCE00CAED73 /* PBXContainerItemProxy */ = {
			isa = PBXContainerItemProxy;
			containerPortal = 98FF20492231ECCC00CAED73 /* Project object */;
			proxyType = 1;
			remoteGlobalIDString = 98FF20712231ECCE00CAED73;
			remoteInfo = "SpitBallin WatchKit Extension";
		};
/* End PBXContainerItemProxy section */

/* Begin PBXCopyFilesBuildPhase section */
		98FF20832231ECCF00CAED73 /* Embed App Extensions */ = {
			isa = PBXCopyFilesBuildPhase;
			buildActionMask = 2147483647;
			dstPath = "";
			dstSubfolderSpec = 13;
			files = (
				98FF20732231ECCE00CAED73 /* SpitBallin WatchKit Extension.appex in Embed App Extensions */,
			);
			name = "Embed App Extensions";
			runOnlyForDeploymentPostprocessing = 0;
		};
		98FF20872231ECCF00CAED73 /* Embed Watch Content */ = {
			isa = PBXCopyFilesBuildPhase;
			buildActionMask = 2147483647;
			dstPath = "$(CONTENTS_FOLDER_PATH)/Watch";
			dstSubfolderSpec = 16;
			files = (
				98FF20642231ECCE00CAED73 /* SpitBallin WatchKit App.app in Embed Watch Content */,
			);
			name = "Embed Watch Content";
			runOnlyForDeploymentPostprocessing = 0;
		};
/* End PBXCopyFilesBuildPhase section */

/* Begin PBXFileReference section */
		98FF20512231ECCC00CAED73 /* SpitBallin.app */ = {isa = PBXFileReference; explicitFileType = wrapper.application; includeInIndex = 0; path = SpitBallin.app; sourceTree = BUILT_PRODUCTS_DIR; };
		98FF20542231ECCC00CAED73 /* AppDelegate.swift */ = {isa = PBXFileReference; lastKnownFileType = sourcecode.swift; path = AppDelegate.swift; sourceTree = "<group>"; };
		98FF20562231ECCC00CAED73 /* ViewController.swift */ = {isa = PBXFileReference; lastKnownFileType = sourcecode.swift; path = ViewController.swift; sourceTree = "<group>"; };
		98FF20592231ECCC00CAED73 /* Base */ = {isa = PBXFileReference; lastKnownFileType = file.storyboard; name = Base; path = Base.lproj/Main.storyboard; sourceTree = "<group>"; };
		98FF205B2231ECCD00CAED73 /* Assets.xcassets */ = {isa = PBXFileReference; lastKnownFileType = folder.assetcatalog; path = Assets.xcassets; sourceTree = "<group>"; };
		98FF205E2231ECCD00CAED73 /* Base */ = {isa = PBXFileReference; lastKnownFileType = file.storyboard; name = Base; path = Base.lproj/LaunchScreen.storyboard; sourceTree = "<group>"; };
		98FF20602231ECCD00CAED73 /* Info.plist */ = {isa = PBXFileReference; lastKnownFileType = text.plist.xml; path = Info.plist; sourceTree = "<group>"; };
		98FF20632231ECCE00CAED73 /* SpitBallin WatchKit App.app */ = {isa = PBXFileReference; explicitFileType = wrapper.application; includeInIndex = 0; path = "SpitBallin WatchKit App.app"; sourceTree = BUILT_PRODUCTS_DIR; };
		98FF20692231ECCE00CAED73 /* Base */ = {isa = PBXFileReference; lastKnownFileType = file.storyboard; name = Base; path = Base.lproj/Interface.storyboard; sourceTree = "<group>"; };
		98FF206B2231ECCE00CAED73 /* Assets.xcassets */ = {isa = PBXFileReference; lastKnownFileType = folder.assetcatalog; path = Assets.xcassets; sourceTree = "<group>"; };
		98FF206D2231ECCE00CAED73 /* Info.plist */ = {isa = PBXFileReference; lastKnownFileType = text.plist.xml; path = Info.plist; sourceTree = "<group>"; };
		98FF20722231ECCE00CAED73 /* SpitBallin WatchKit Extension.appex */ = {isa = PBXFileReference; explicitFileType = "wrapper.app-extension"; includeInIndex = 0; path = "SpitBallin WatchKit Extension.appex"; sourceTree = BUILT_PRODUCTS_DIR; };
		98FF20772231ECCE00CAED73 /* InterfaceController.swift */ = {isa = PBXFileReference; lastKnownFileType = sourcecode.swift; path = InterfaceController.swift; sourceTree = "<group>"; };
		98FF20792231ECCE00CAED73 /* ExtensionDelegate.swift */ = {isa = PBXFileReference; lastKnownFileType = sourcecode.swift; path = ExtensionDelegate.swift; sourceTree = "<group>"; };
		98FF207B2231ECCF00CAED73 /* Assets.xcassets */ = {isa = PBXFileReference; lastKnownFileType = folder.assetcatalog; path = Assets.xcassets; sourceTree = "<group>"; };
		98FF207D2231ECCF00CAED73 /* Info.plist */ = {isa = PBXFileReference; lastKnownFileType = text.plist.xml; path = Info.plist; sourceTree = "<group>"; };
		98FF208B2231EF0B00CAED73 /* GameView.swift */ = {isa = PBXFileReference; fileEncoding = 4; lastKnownFileType = sourcecode.swift; path = GameView.swift; sourceTree = "<group>"; };
		98FF208C2231EF0B00CAED73 /* LevelNumber.swift */ = {isa = PBXFileReference; fileEncoding = 4; lastKnownFileType = sourcecode.swift; path = LevelNumber.swift; sourceTree = "<group>"; };
		98FF20992231EFD300CAED73 /* fran_left.png */ = {isa = PBXFileReference; lastKnownFileType = image.png; path = fran_left.png; sourceTree = "<group>"; };
		98FF209A2231EFD300CAED73 /* fran_right.png */ = {isa = PBXFileReference; lastKnownFileType = image.png; path = fran_right.png; sourceTree = "<group>"; };
		98FF209B2231EFD300CAED73 /* liam_right.png */ = {isa = PBXFileReference; lastKnownFileType = image.png; path = liam_right.png; sourceTree = "<group>"; };
		98FF209C2231EFD400CAED73 /* liam_left.png */ = {isa = PBXFileReference; lastKnownFileType = image.png; path = liam_left.png; sourceTree = "<group>"; };
		98FF20A42231F07F00CAED73 /* spit_sound.wav */ = {isa = PBXFileReference; lastKnownFileType = audio.wav; path = spit_sound.wav; sourceTree = "<group>"; };
		98FF20A52231F07F00CAED73 /* ball_pop.wav */ = {isa = PBXFileReference; lastKnownFileType = audio.wav; path = ball_pop.wav; sourceTree = "<group>"; };
		98FF20A82231F0A700CAED73 /* bubble.png */ = {isa = PBXFileReference; lastKnownFileType = image.png; path = bubble.png; sourceTree = "<group>"; };
		98FF20A92231F0A700CAED73 /* gum.png */ = {isa = PBXFileReference; lastKnownFileType = image.png; path = gum.png; sourceTree = "<group>"; };
		98FF20AA2231F0A700CAED73 /* pause.png */ = {isa = PBXFileReference; lastKnownFileType = image.png; path = pause.png; sourceTree = "<group>"; };
		98FF20AB2231F0A700CAED73 /* fran_normal.png */ = {isa = PBXFileReference; lastKnownFileType = image.png; path = fran_normal.png; sourceTree = "<group>"; };
		98FF20AC2231F0A700CAED73 /* liam_shut.png */ = {isa = PBXFileReference; lastKnownFileType = image.png; path = liam_shut.png; sourceTree = "<group>"; };
		98FF20AD2231F0A700CAED73 /* spit.png */ = {isa = PBXFileReference; lastKnownFileType = image.png; path = spit.png; sourceTree = "<group>"; };
		98FF20AE2231F0A700CAED73 /* liam_shoot.png */ = {isa = PBXFileReference; lastKnownFileType = image.png; path = liam_shoot.png; sourceTree = "<group>"; };
		98FF20AF2231F0A700CAED73 /* fran_shoot.png */ = {isa = PBXFileReference; lastKnownFileType = image.png; path = fran_shoot.png; sourceTree = "<group>"; };
		98FF20B02231F0A700CAED73 /* sports_bottle.png */ = {isa = PBXFileReference; lastKnownFileType = image.png; path = sports_bottle.png; sourceTree = "<group>"; };
		98FF20B12231F0A700CAED73 /* water_bottle.png */ = {isa = PBXFileReference; lastKnownFileType = image.png; path = water_bottle.png; sourceTree = "<group>"; };
		98FF20B22231F0A800CAED73 /* liam_normal.png */ = {isa = PBXFileReference; lastKnownFileType = image.png; path = liam_normal.png; sourceTree = "<group>"; };
		98FF20B32231F0A800CAED73 /* fran_shut.png */ = {isa = PBXFileReference; lastKnownFileType = image.png; path = fran_shut.png; sourceTree = "<group>"; };
		98FF20CC2231F0D800CAED73 /* Player.swift */ = {isa = PBXFileReference; fileEncoding = 4; lastKnownFileType = sourcecode.swift; path = Player.swift; sourceTree = "<group>"; };
		98FF20CD2231F0D800CAED73 /* CircularObject.swift */ = {isa = PBXFileReference; fileEncoding = 4; lastKnownFileType = sourcecode.swift; path = CircularObject.swift; sourceTree = "<group>"; };
		98FF20CE2231F0D800CAED73 /* DropType.swift */ = {isa = PBXFileReference; fileEncoding = 4; lastKnownFileType = sourcecode.swift; path = DropType.swift; sourceTree = "<group>"; };
		98FF20CF2231F0D800CAED73 /* Bullet.swift */ = {isa = PBXFileReference; fileEncoding = 4; lastKnownFileType = sourcecode.swift; path = Bullet.swift; sourceTree = "<group>"; };
		98FF20D02231F0D800CAED73 /* Lives.swift */ = {isa = PBXFileReference; fileEncoding = 4; lastKnownFileType = sourcecode.swift; path = Lives.swift; sourceTree = "<group>"; };
		98FF20D12231F0D800CAED73 /* Ball.swift */ = {isa = PBXFileReference; fileEncoding = 4; lastKnownFileType = sourcecode.swift; path = Ball.swift; sourceTree = "<group>"; };
		98FF20D22231F0D800CAED73 /* Person.swift */ = {isa = PBXFileReference; fileEncoding = 4; lastKnownFileType = sourcecode.swift; path = Person.swift; sourceTree = "<group>"; };
		98FF20D32231F0D900CAED73 /* Level.swift */ = {isa = PBXFileReference; fileEncoding = 4; lastKnownFileType = sourcecode.swift; path = Level.swift; sourceTree = "<group>"; };
		98FF20D42231F0D900CAED73 /* BallSize.swift */ = {isa = PBXFileReference; fileEncoding = 4; lastKnownFileType = sourcecode.swift; path = BallSize.swift; sourceTree = "<group>"; };
		98FF20D52231F0D900CAED73 /* DynamicCircularObject.swift */ = {isa = PBXFileReference; fileEncoding = 4; lastKnownFileType = sourcecode.swift; path = DynamicCircularObject.swift; sourceTree = "<group>"; };
		98FF20D62231F0D900CAED73 /* Game.swift */ = {isa = PBXFileReference; fileEncoding = 4; lastKnownFileType = sourcecode.swift; path = Game.swift; sourceTree = "<group>"; };
		98FF20D72231F0D900CAED73 /* Drop.swift */ = {isa = PBXFileReference; fileEncoding = 4; lastKnownFileType = sourcecode.swift; path = Drop.swift; sourceTree = "<group>"; };
		98FF20D82231F0D900CAED73 /* GameScene.swift */ = {isa = PBXFileReference; fileEncoding = 4; lastKnownFileType = sourcecode.swift; path = GameScene.swift; sourceTree = "<group>"; };
		98FF20F32231F10B00CAED73 /* LevelNumber.swift */ = {isa = PBXFileReference; fileEncoding = 4; lastKnownFileType = sourcecode.swift; path = LevelNumber.swift; sourceTree = "<group>"; };
		98FF20F42231F10B00CAED73 /* NotificationController.swift */ = {isa = PBXFileReference; fileEncoding = 4; lastKnownFileType = sourcecode.swift; path = NotificationController.swift; sourceTree = "<group>"; };
		98FF20F52231F10B00CAED73 /* PushNotificationPayload.apns */ = {isa = PBXFileReference; fileEncoding = 4; lastKnownFileType = text; path = PushNotificationPayload.apns; sourceTree = "<group>"; };
/* End PBXFileReference section */

/* Begin PBXFrameworksBuildPhase section */
		98FF204E2231ECCC00CAED73 /* Frameworks */ = {
			isa = PBXFrameworksBuildPhase;
			buildActionMask = 2147483647;
			files = (
			);
			runOnlyForDeploymentPostprocessing = 0;
		};
		98FF206F2231ECCE00CAED73 /* Frameworks */ = {
			isa = PBXFrameworksBuildPhase;
			buildActionMask = 2147483647;
			files = (
			);
			runOnlyForDeploymentPostprocessing = 0;
		};
/* End PBXFrameworksBuildPhase section */

/* Begin PBXGroup section */
		98FF20482231ECCC00CAED73 = {
			isa = PBXGroup;
			children = (
				98FF20A12231F01100CAED73 /* Game */,
				98FF20532231ECCC00CAED73 /* SpitBallin */,
				98FF20672231ECCE00CAED73 /* SpitBallin WatchKit App */,
				98FF20762231ECCE00CAED73 /* SpitBallin WatchKit Extension */,
				98FF20522231ECCC00CAED73 /* Products */,
			);
			sourceTree = "<group>";
		};
		98FF20522231ECCC00CAED73 /* Products */ = {
			isa = PBXGroup;
			children = (
				98FF20512231ECCC00CAED73 /* SpitBallin.app */,
				98FF20632231ECCE00CAED73 /* SpitBallin WatchKit App.app */,
				98FF20722231ECCE00CAED73 /* SpitBallin WatchKit Extension.appex */,
			);
			name = Products;
			sourceTree = "<group>";
		};
		98FF20532231ECCC00CAED73 /* SpitBallin */ = {
			isa = PBXGroup;
			children = (
				98FF20982231EF3800CAED73 /* Button Images */,
				98FF208B2231EF0B00CAED73 /* GameView.swift */,
				98FF208C2231EF0B00CAED73 /* LevelNumber.swift */,
				98FF20542231ECCC00CAED73 /* AppDelegate.swift */,
				98FF20562231ECCC00CAED73 /* ViewController.swift */,
				98FF20582231ECCC00CAED73 /* Main.storyboard */,
				98FF205B2231ECCD00CAED73 /* Assets.xcassets */,
				98FF205D2231ECCD00CAED73 /* LaunchScreen.storyboard */,
				98FF20602231ECCD00CAED73 /* Info.plist */,
			);
			path = SpitBallin;
			sourceTree = "<group>";
		};
		98FF20672231ECCE00CAED73 /* SpitBallin WatchKit App */ = {
			isa = PBXGroup;
			children = (
				98FF20682231ECCE00CAED73 /* Interface.storyboard */,
				98FF206B2231ECCE00CAED73 /* Assets.xcassets */,
				98FF206D2231ECCE00CAED73 /* Info.plist */,
			);
			path = "SpitBallin WatchKit App";
			sourceTree = "<group>";
		};
		98FF20762231ECCE00CAED73 /* SpitBallin WatchKit Extension */ = {
			isa = PBXGroup;
			children = (
				98FF20F32231F10B00CAED73 /* LevelNumber.swift */,
				98FF20F42231F10B00CAED73 /* NotificationController.swift */,
				98FF20F52231F10B00CAED73 /* PushNotificationPayload.apns */,
				98FF20772231ECCE00CAED73 /* InterfaceController.swift */,
				98FF20792231ECCE00CAED73 /* ExtensionDelegate.swift */,
				98FF207B2231ECCF00CAED73 /* Assets.xcassets */,
				98FF207D2231ECCF00CAED73 /* Info.plist */,
			);
			path = "SpitBallin WatchKit Extension";
			sourceTree = "<group>";
		};
		98FF20982231EF3800CAED73 /* Button Images */ = {
			isa = PBXGroup;
			children = (
				98FF20992231EFD300CAED73 /* fran_left.png */,
				98FF209A2231EFD300CAED73 /* fran_right.png */,
				98FF209C2231EFD400CAED73 /* liam_left.png */,
				98FF209B2231EFD300CAED73 /* liam_right.png */,
			);
			path = "Button Images";
			sourceTree = "<group>";
		};
		98FF20A12231F01100CAED73 /* Game */ = {
			isa = PBXGroup;
			children = (
				98FF20A22231F03600CAED73 /* Sound Effects */,
				98FF20A32231F04C00CAED73 /* Sprites */,
				98FF20D12231F0D800CAED73 /* Ball.swift */,
				98FF20D42231F0D900CAED73 /* BallSize.swift */,
				98FF20CF2231F0D800CAED73 /* Bullet.swift */,
				98FF20CD2231F0D800CAED73 /* CircularObject.swift */,
				98FF20D72231F0D900CAED73 /* Drop.swift */,
				98FF20CE2231F0D800CAED73 /* DropType.swift */,
				98FF20D52231F0D900CAED73 /* DynamicCircularObject.swift */,
				98FF20D62231F0D900CAED73 /* Game.swift */,
				98FF20D82231F0D900CAED73 /* GameScene.swift */,
				98FF20D32231F0D900CAED73 /* Level.swift */,
				98FF20D02231F0D800CAED73 /* Lives.swift */,
				98FF20D22231F0D800CAED73 /* Person.swift */,
				98FF20CC2231F0D800CAED73 /* Player.swift */,
			);
			path = Game;
			sourceTree = "<group>";
		};
		98FF20A22231F03600CAED73 /* Sound Effects */ = {
			isa = PBXGroup;
			children = (
				98FF20A52231F07F00CAED73 /* ball_pop.wav */,
				98FF20A42231F07F00CAED73 /* spit_sound.wav */,
			);
			path = "Sound Effects";
			sourceTree = "<group>";
		};
		98FF20A32231F04C00CAED73 /* Sprites */ = {
			isa = PBXGroup;
			children = (
				98FF20A82231F0A700CAED73 /* bubble.png */,
				98FF20AB2231F0A700CAED73 /* fran_normal.png */,
				98FF20AF2231F0A700CAED73 /* fran_shoot.png */,
				98FF20B32231F0A800CAED73 /* fran_shut.png */,
				98FF20A92231F0A700CAED73 /* gum.png */,
				98FF20B22231F0A800CAED73 /* liam_normal.png */,
				98FF20AE2231F0A700CAED73 /* liam_shoot.png */,
				98FF20AC2231F0A700CAED73 /* liam_shut.png */,
				98FF20AA2231F0A700CAED73 /* pause.png */,
				98FF20AD2231F0A700CAED73 /* spit.png */,
				98FF20B02231F0A700CAED73 /* sports_bottle.png */,
				98FF20B12231F0A700CAED73 /* water_bottle.png */,
			);
			path = Sprites;
			sourceTree = "<group>";
		};
/* End PBXGroup section */

/* Begin PBXNativeTarget section */
		98FF20502231ECCC00CAED73 /* SpitBallin */ = {
			isa = PBXNativeTarget;
			buildConfigurationList = 98FF20882231ECCF00CAED73 /* Build configuration list for PBXNativeTarget "SpitBallin" */;
			buildPhases = (
				98FF204D2231ECCC00CAED73 /* Sources */,
				98FF204E2231ECCC00CAED73 /* Frameworks */,
				98FF204F2231ECCC00CAED73 /* Resources */,
				98FF20872231ECCF00CAED73 /* Embed Watch Content */,
			);
			buildRules = (
			);
			dependencies = (
				98FF20662231ECCE00CAED73 /* PBXTargetDependency */,
			);
			name = SpitBallin;
			productName = SpitBallin;
			productReference = 98FF20512231ECCC00CAED73 /* SpitBallin.app */;
			productType = "com.apple.product-type.application";
		};
		98FF20622231ECCE00CAED73 /* SpitBallin WatchKit App */ = {
			isa = PBXNativeTarget;
			buildConfigurationList = 98FF20842231ECCF00CAED73 /* Build configuration list for PBXNativeTarget "SpitBallin WatchKit App" */;
			buildPhases = (
				98FF20612231ECCE00CAED73 /* Resources */,
				98FF20832231ECCF00CAED73 /* Embed App Extensions */,
			);
			buildRules = (
			);
			dependencies = (
				98FF20752231ECCE00CAED73 /* PBXTargetDependency */,
			);
			name = "SpitBallin WatchKit App";
			productName = "SpitBallin WatchKit App";
			productReference = 98FF20632231ECCE00CAED73 /* SpitBallin WatchKit App.app */;
			productType = "com.apple.product-type.application.watchapp2";
		};
		98FF20712231ECCE00CAED73 /* SpitBallin WatchKit Extension */ = {
			isa = PBXNativeTarget;
			buildConfigurationList = 98FF20802231ECCF00CAED73 /* Build configuration list for PBXNativeTarget "SpitBallin WatchKit Extension" */;
			buildPhases = (
				98FF206E2231ECCE00CAED73 /* Sources */,
				98FF206F2231ECCE00CAED73 /* Frameworks */,
				98FF20702231ECCE00CAED73 /* Resources */,
			);
			buildRules = (
			);
			dependencies = (
			);
			name = "SpitBallin WatchKit Extension";
			productName = "SpitBallin WatchKit Extension";
			productReference = 98FF20722231ECCE00CAED73 /* SpitBallin WatchKit Extension.appex */;
			productType = "com.apple.product-type.watchkit2-extension";
		};
/* End PBXNativeTarget section */

/* Begin PBXProject section */
		98FF20492231ECCC00CAED73 /* Project object */ = {
			isa = PBXProject;
			attributes = {
				LastSwiftUpdateCheck = 1010;
				LastUpgradeCheck = 1010;
				ORGANIZATIONNAME = "William Stevenson";
				TargetAttributes = {
					98FF20502231ECCC00CAED73 = {
						CreatedOnToolsVersion = 10.1;
						LastSwiftMigration = 1020;
					};
					98FF20622231ECCE00CAED73 = {
						CreatedOnToolsVersion = 10.1;
					};
					98FF20712231ECCE00CAED73 = {
						CreatedOnToolsVersion = 10.1;
						LastSwiftMigration = 1020;
					};
				};
			};
			buildConfigurationList = 98FF204C2231ECCC00CAED73 /* Build configuration list for PBXProject "SpitBallin" */;
			compatibilityVersion = "Xcode 9.3";
			developmentRegion = en;
			hasScannedForEncodings = 0;
			knownRegions = (
				en,
				Base,
			);
			mainGroup = 98FF20482231ECCC00CAED73;
			productRefGroup = 98FF20522231ECCC00CAED73 /* Products */;
			projectDirPath = "";
			projectRoot = "";
			targets = (
				98FF20502231ECCC00CAED73 /* SpitBallin */,
				98FF20622231ECCE00CAED73 /* SpitBallin WatchKit App */,
				98FF20712231ECCE00CAED73 /* SpitBallin WatchKit Extension */,
			);
		};
/* End PBXProject section */

/* Begin PBXResourcesBuildPhase section */
		98FF204F2231ECCC00CAED73 /* Resources */ = {
			isa = PBXResourcesBuildPhase;
			buildActionMask = 2147483647;
			files = (
				98FF20C02231F0A800CAED73 /* liam_shoot.png in Resources */,
				98FF20C22231F0A800CAED73 /* fran_shoot.png in Resources */,
				98FF20B62231F0A800CAED73 /* gum.png in Resources */,
				98FF205F2231ECCD00CAED73 /* LaunchScreen.storyboard in Resources */,
				98FF20B82231F0A800CAED73 /* pause.png in Resources */,
				98FF209D2231EFD400CAED73 /* fran_left.png in Resources */,
				98FF20A62231F07F00CAED73 /* spit_sound.wav in Resources */,
				98FF20A72231F07F00CAED73 /* ball_pop.wav in Resources */,
				98FF209E2231EFD400CAED73 /* fran_right.png in Resources */,
				98FF20A02231EFD400CAED73 /* liam_left.png in Resources */,
				98FF209F2231EFD400CAED73 /* liam_right.png in Resources */,
				98FF20CA2231F0A800CAED73 /* fran_shut.png in Resources */,
				98FF20B42231F0A800CAED73 /* bubble.png in Resources */,
				98FF20BA2231F0A800CAED73 /* fran_normal.png in Resources */,
				98FF20C82231F0A800CAED73 /* liam_normal.png in Resources */,
				98FF20BE2231F0A800CAED73 /* spit.png in Resources */,
				98FF20C42231F0A800CAED73 /* sports_bottle.png in Resources */,
				98FF20C62231F0A800CAED73 /* water_bottle.png in Resources */,
				98FF205C2231ECCD00CAED73 /* Assets.xcassets in Resources */,
				98FF20BC2231F0A800CAED73 /* liam_shut.png in Resources */,
				98FF205A2231ECCC00CAED73 /* Main.storyboard in Resources */,
			);
			runOnlyForDeploymentPostprocessing = 0;
		};
		98FF20612231ECCE00CAED73 /* Resources */ = {
			isa = PBXResourcesBuildPhase;
			buildActionMask = 2147483647;
			files = (
				98FF206C2231ECCE00CAED73 /* Assets.xcassets in Resources */,
				98FF206A2231ECCE00CAED73 /* Interface.storyboard in Resources */,
			);
			runOnlyForDeploymentPostprocessing = 0;
		};
		98FF20702231ECCE00CAED73 /* Resources */ = {
			isa = PBXResourcesBuildPhase;
			buildActionMask = 2147483647;
			files = (
				98FF20C12231F0A800CAED73 /* liam_shoot.png in Resources */,
				98FF20BD2231F0A800CAED73 /* liam_shut.png in Resources */,
				98FF20F82231F10B00CAED73 /* PushNotificationPayload.apns in Resources */,
				98FF207C2231ECCF00CAED73 /* Assets.xcassets in Resources */,
				98FF20C92231F0A800CAED73 /* liam_normal.png in Resources */,
				98FF20C72231F0A800CAED73 /* water_bottle.png in Resources */,
				98FF20CB2231F0A800CAED73 /* fran_shut.png in Resources */,
				98FF20BF2231F0A800CAED73 /* spit.png in Resources */,
				98FF20B92231F0A800CAED73 /* pause.png in Resources */,
				98FF20BB2231F0A800CAED73 /* fran_normal.png in Resources */,
				98FF20C32231F0A800CAED73 /* fran_shoot.png in Resources */,
			);
			runOnlyForDeploymentPostprocessing = 0;
		};
/* End PBXResourcesBuildPhase section */

/* Begin PBXSourcesBuildPhase section */
		98FF204D2231ECCC00CAED73 /* Sources */ = {
			isa = PBXSourcesBuildPhase;
			buildActionMask = 2147483647;
			files = (
				98FF20E92231F0D900CAED73 /* BallSize.swift in Sources */,
				98FF20ED2231F0D900CAED73 /* Game.swift in Sources */,
				98FF20572231ECCC00CAED73 /* ViewController.swift in Sources */,
				98FF20DB2231F0D900CAED73 /* CircularObject.swift in Sources */,
				98FF20E32231F0D900CAED73 /* Ball.swift in Sources */,
				98FF208E2231EF0B00CAED73 /* LevelNumber.swift in Sources */,
				98FF20EB2231F0D900CAED73 /* DynamicCircularObject.swift in Sources */,
				98FF20E52231F0D900CAED73 /* Person.swift in Sources */,
				98FF208D2231EF0B00CAED73 /* GameView.swift in Sources */,
				98FF20E72231F0D900CAED73 /* Level.swift in Sources */,
				98FF20EF2231F0D900CAED73 /* Drop.swift in Sources */,
				98FF20F12231F0D900CAED73 /* GameScene.swift in Sources */,
				98FF20E12231F0D900CAED73 /* Lives.swift in Sources */,
				98FF20D92231F0D900CAED73 /* Player.swift in Sources */,
				98FF20552231ECCC00CAED73 /* AppDelegate.swift in Sources */,
				98FF20DD2231F0D900CAED73 /* DropType.swift in Sources */,
				98FF20DF2231F0D900CAED73 /* Bullet.swift in Sources */,
			);
			runOnlyForDeploymentPostprocessing = 0;
		};
		98FF206E2231ECCE00CAED73 /* Sources */ = {
			isa = PBXSourcesBuildPhase;
			buildActionMask = 2147483647;
			files = (
				98FF20F22231F0D900CAED73 /* GameScene.swift in Sources */,
				98FF20E42231F0D900CAED73 /* Ball.swift in Sources */,
				98FF207A2231ECCE00CAED73 /* ExtensionDelegate.swift in Sources */,
				98FF20DA2231F0D900CAED73 /* Player.swift in Sources */,
				98FF20EE2231F0D900CAED73 /* Game.swift in Sources */,
				98FF20782231ECCE00CAED73 /* InterfaceController.swift in Sources */,
				98FF20DE2231F0D900CAED73 /* DropType.swift in Sources */,
				98FF20E22231F0D900CAED73 /* Lives.swift in Sources */,
				98FF20E62231F0D900CAED73 /* Person.swift in Sources */,
				98FF20EC2231F0D900CAED73 /* DynamicCircularObject.swift in Sources */,
				98FF20DC2231F0D900CAED73 /* CircularObject.swift in Sources */,
				98FF20EA2231F0D900CAED73 /* BallSize.swift in Sources */,
				98FF20F72231F10B00CAED73 /* NotificationController.swift in Sources */,
				98FF20E82231F0D900CAED73 /* Level.swift in Sources */,
				98FF20F62231F10B00CAED73 /* LevelNumber.swift in Sources */,
				98FF20F02231F0D900CAED73 /* Drop.swift in Sources */,
				98FF20E02231F0D900CAED73 /* Bullet.swift in Sources */,
			);
			runOnlyForDeploymentPostprocessing = 0;
		};
/* End PBXSourcesBuildPhase section */

/* Begin PBXTargetDependency section */
		98FF20662231ECCE00CAED73 /* PBXTargetDependency */ = {
			isa = PBXTargetDependency;
			target = 98FF20622231ECCE00CAED73 /* SpitBallin WatchKit App */;
			targetProxy = 98FF20652231ECCE00CAED73 /* PBXContainerItemProxy */;
		};
		98FF20752231ECCE00CAED73 /* PBXTargetDependency */ = {
			isa = PBXTargetDependency;
			target = 98FF20712231ECCE00CAED73 /* SpitBallin WatchKit Extension */;
			targetProxy = 98FF20742231ECCE00CAED73 /* PBXContainerItemProxy */;
		};
/* End PBXTargetDependency section */

/* Begin PBXVariantGroup section */
		98FF20582231ECCC00CAED73 /* Main.storyboard */ = {
			isa = PBXVariantGroup;
			children = (
				98FF20592231ECCC00CAED73 /* Base */,
			);
			name = Main.storyboard;
			sourceTree = "<group>";
		};
		98FF205D2231ECCD00CAED73 /* LaunchScreen.storyboard */ = {
			isa = PBXVariantGroup;
			children = (
				98FF205E2231ECCD00CAED73 /* Base */,
			);
			name = LaunchScreen.storyboard;
			sourceTree = "<group>";
		};
		98FF20682231ECCE00CAED73 /* Interface.storyboard */ = {
			isa = PBXVariantGroup;
			children = (
				98FF20692231ECCE00CAED73 /* Base */,
			);
			name = Interface.storyboard;
			sourceTree = "<group>";
		};
/* End PBXVariantGroup section */

/* Begin XCBuildConfiguration section */
		98FF207E2231ECCF00CAED73 /* Debug */ = {
			isa = XCBuildConfiguration;
			buildSettings = {
				ALWAYS_SEARCH_USER_PATHS = NO;
				CLANG_ANALYZER_NONNULL = YES;
				CLANG_ANALYZER_NUMBER_OBJECT_CONVERSION = YES_AGGRESSIVE;
				CLANG_CXX_LANGUAGE_STANDARD = "gnu++14";
				CLANG_CXX_LIBRARY = "libc++";
				CLANG_ENABLE_MODULES = YES;
				CLANG_ENABLE_OBJC_ARC = YES;
				CLANG_ENABLE_OBJC_WEAK = YES;
				CLANG_WARN_BLOCK_CAPTURE_AUTORELEASING = YES;
				CLANG_WARN_BOOL_CONVERSION = YES;
				CLANG_WARN_COMMA = YES;
				CLANG_WARN_CONSTANT_CONVERSION = YES;
				CLANG_WARN_DEPRECATED_OBJC_IMPLEMENTATIONS = YES;
				CLANG_WARN_DIRECT_OBJC_ISA_USAGE = YES_ERROR;
				CLANG_WARN_DOCUMENTATION_COMMENTS = YES;
				CLANG_WARN_EMPTY_BODY = YES;
				CLANG_WARN_ENUM_CONVERSION = YES;
				CLANG_WARN_INFINITE_RECURSION = YES;
				CLANG_WARN_INT_CONVERSION = YES;
				CLANG_WARN_NON_LITERAL_NULL_CONVERSION = YES;
				CLANG_WARN_OBJC_IMPLICIT_RETAIN_SELF = YES;
				CLANG_WARN_OBJC_LITERAL_CONVERSION = YES;
				CLANG_WARN_OBJC_ROOT_CLASS = YES_ERROR;
				CLANG_WARN_RANGE_LOOP_ANALYSIS = YES;
				CLANG_WARN_STRICT_PROTOTYPES = YES;
				CLANG_WARN_SUSPICIOUS_MOVE = YES;
				CLANG_WARN_UNGUARDED_AVAILABILITY = YES_AGGRESSIVE;
				CLANG_WARN_UNREACHABLE_CODE = YES;
				CLANG_WARN__DUPLICATE_METHOD_MATCH = YES;
				CODE_SIGN_IDENTITY = "iPhone Developer";
				COPY_PHASE_STRIP = NO;
				DEBUG_INFORMATION_FORMAT = dwarf;
				ENABLE_STRICT_OBJC_MSGSEND = YES;
				ENABLE_TESTABILITY = YES;
				GCC_C_LANGUAGE_STANDARD = gnu11;
				GCC_DYNAMIC_NO_PIC = NO;
				GCC_NO_COMMON_BLOCKS = YES;
				GCC_OPTIMIZATION_LEVEL = 0;
				GCC_PREPROCESSOR_DEFINITIONS = (
					"DEBUG=1",
					"$(inherited)",
				);
				GCC_WARN_64_TO_32_BIT_CONVERSION = YES;
				GCC_WARN_ABOUT_RETURN_TYPE = YES_ERROR;
				GCC_WARN_UNDECLARED_SELECTOR = YES;
				GCC_WARN_UNINITIALIZED_AUTOS = YES_AGGRESSIVE;
				GCC_WARN_UNUSED_FUNCTION = YES;
				GCC_WARN_UNUSED_VARIABLE = YES;
				IPHONEOS_DEPLOYMENT_TARGET = 12.1;
				MTL_ENABLE_DEBUG_INFO = INCLUDE_SOURCE;
				MTL_FAST_MATH = YES;
				ONLY_ACTIVE_ARCH = YES;
				SDKROOT = iphoneos;
				SWIFT_ACTIVE_COMPILATION_CONDITIONS = DEBUG;
				SWIFT_OPTIMIZATION_LEVEL = "-Onone";
			};
			name = Debug;
		};
		98FF207F2231ECCF00CAED73 /* Release */ = {
			isa = XCBuildConfiguration;
			buildSettings = {
				ALWAYS_SEARCH_USER_PATHS = NO;
				CLANG_ANALYZER_NONNULL = YES;
				CLANG_ANALYZER_NUMBER_OBJECT_CONVERSION = YES_AGGRESSIVE;
				CLANG_CXX_LANGUAGE_STANDARD = "gnu++14";
				CLANG_CXX_LIBRARY = "libc++";
				CLANG_ENABLE_MODULES = YES;
				CLANG_ENABLE_OBJC_ARC = YES;
				CLANG_ENABLE_OBJC_WEAK = YES;
				CLANG_WARN_BLOCK_CAPTURE_AUTORELEASING = YES;
				CLANG_WARN_BOOL_CONVERSION = YES;
				CLANG_WARN_COMMA = YES;
				CLANG_WARN_CONSTANT_CONVERSION = YES;
				CLANG_WARN_DEPRECATED_OBJC_IMPLEMENTATIONS = YES;
				CLANG_WARN_DIRECT_OBJC_ISA_USAGE = YES_ERROR;
				CLANG_WARN_DOCUMENTATION_COMMENTS = YES;
				CLANG_WARN_EMPTY_BODY = YES;
				CLANG_WARN_ENUM_CONVERSION = YES;
				CLANG_WARN_INFINITE_RECURSION = YES;
				CLANG_WARN_INT_CONVERSION = YES;
				CLANG_WARN_NON_LITERAL_NULL_CONVERSION = YES;
				CLANG_WARN_OBJC_IMPLICIT_RETAIN_SELF = YES;
				CLANG_WARN_OBJC_LITERAL_CONVERSION = YES;
				CLANG_WARN_OBJC_ROOT_CLASS = YES_ERROR;
				CLANG_WARN_RANGE_LOOP_ANALYSIS = YES;
				CLANG_WARN_STRICT_PROTOTYPES = YES;
				CLANG_WARN_SUSPICIOUS_MOVE = YES;
				CLANG_WARN_UNGUARDED_AVAILABILITY = YES_AGGRESSIVE;
				CLANG_WARN_UNREACHABLE_CODE = YES;
				CLANG_WARN__DUPLICATE_METHOD_MATCH = YES;
				CODE_SIGN_IDENTITY = "iPhone Developer";
				COPY_PHASE_STRIP = NO;
				DEBUG_INFORMATION_FORMAT = "dwarf-with-dsym";
				ENABLE_NS_ASSERTIONS = NO;
				ENABLE_STRICT_OBJC_MSGSEND = YES;
				GCC_C_LANGUAGE_STANDARD = gnu11;
				GCC_NO_COMMON_BLOCKS = YES;
				GCC_WARN_64_TO_32_BIT_CONVERSION = YES;
				GCC_WARN_ABOUT_RETURN_TYPE = YES_ERROR;
				GCC_WARN_UNDECLARED_SELECTOR = YES;
				GCC_WARN_UNINITIALIZED_AUTOS = YES_AGGRESSIVE;
				GCC_WARN_UNUSED_FUNCTION = YES;
				GCC_WARN_UNUSED_VARIABLE = YES;
				IPHONEOS_DEPLOYMENT_TARGET = 12.1;
				MTL_ENABLE_DEBUG_INFO = NO;
				MTL_FAST_MATH = YES;
				SDKROOT = iphoneos;
				SWIFT_COMPILATION_MODE = wholemodule;
				SWIFT_OPTIMIZATION_LEVEL = "-O";
				VALIDATE_PRODUCT = YES;
			};
			name = Release;
		};
		98FF20812231ECCF00CAED73 /* Debug */ = {
			isa = XCBuildConfiguration;
			buildSettings = {
				ASSETCATALOG_COMPILER_COMPLICATION_NAME = Complication;
				CODE_SIGN_STYLE = Automatic;
				DEVELOPMENT_TEAM = CXV7G77RCJ;
				INFOPLIST_FILE = "SpitBallin WatchKit Extension/Info.plist";
				LD_RUNPATH_SEARCH_PATHS = (
					"$(inherited)",
					"@executable_path/Frameworks",
					"@executable_path/../../Frameworks",
				);
				PRODUCT_BUNDLE_IDENTIFIER = Stevera.SpitBallin.watchkitapp.watchkitextension;
				PRODUCT_NAME = "${TARGET_NAME}";
				SDKROOT = watchos;
				SKIP_INSTALL = YES;
				SWIFT_VERSION = 5.0;
				TARGETED_DEVICE_FAMILY = 4;
				WATCHOS_DEPLOYMENT_TARGET = 5.0;
			};
			name = Debug;
		};
		98FF20822231ECCF00CAED73 /* Release */ = {
			isa = XCBuildConfiguration;
			buildSettings = {
				ASSETCATALOG_COMPILER_COMPLICATION_NAME = Complication;
				CODE_SIGN_STYLE = Automatic;
				DEVELOPMENT_TEAM = CXV7G77RCJ;
				INFOPLIST_FILE = "SpitBallin WatchKit Extension/Info.plist";
				LD_RUNPATH_SEARCH_PATHS = (
					"$(inherited)",
					"@executable_path/Frameworks",
					"@executable_path/../../Frameworks",
				);
				PRODUCT_BUNDLE_IDENTIFIER = Stevera.SpitBallin.watchkitapp.watchkitextension;
				PRODUCT_NAME = "${TARGET_NAME}";
				SDKROOT = watchos;
				SKIP_INSTALL = YES;
				SWIFT_VERSION = 5.0;
				TARGETED_DEVICE_FAMILY = 4;
				WATCHOS_DEPLOYMENT_TARGET = 5.0;
			};
			name = Release;
		};
		98FF20852231ECCF00CAED73 /* Debug */ = {
			isa = XCBuildConfiguration;
			buildSettings = {
				ALWAYS_EMBED_SWIFT_STANDARD_LIBRARIES = YES;
				ASSETCATALOG_COMPILER_APPICON_NAME = AppIcon;
				CODE_SIGN_STYLE = Automatic;
				DEVELOPMENT_TEAM = CXV7G77RCJ;
				IBSC_MODULE = SpitBallin_WatchKit_Extension;
				INFOPLIST_FILE = "SpitBallin WatchKit App/Info.plist";
				PRODUCT_BUNDLE_IDENTIFIER = Stevera.SpitBallin.watchkitapp;
				PRODUCT_NAME = "$(TARGET_NAME)";
				SDKROOT = watchos;
				SKIP_INSTALL = YES;
				SWIFT_VERSION = 4.2;
				TARGETED_DEVICE_FAMILY = 4;
				WATCHOS_DEPLOYMENT_TARGET = 5.0;
			};
			name = Debug;
		};
		98FF20862231ECCF00CAED73 /* Release */ = {
			isa = XCBuildConfiguration;
			buildSettings = {
				ALWAYS_EMBED_SWIFT_STANDARD_LIBRARIES = YES;
				ASSETCATALOG_COMPILER_APPICON_NAME = AppIcon;
				CODE_SIGN_STYLE = Automatic;
				DEVELOPMENT_TEAM = CXV7G77RCJ;
				IBSC_MODULE = SpitBallin_WatchKit_Extension;
				INFOPLIST_FILE = "SpitBallin WatchKit App/Info.plist";
				PRODUCT_BUNDLE_IDENTIFIER = Stevera.SpitBallin.watchkitapp;
				PRODUCT_NAME = "$(TARGET_NAME)";
				SDKROOT = watchos;
				SKIP_INSTALL = YES;
				SWIFT_VERSION = 4.2;
				TARGETED_DEVICE_FAMILY = 4;
				WATCHOS_DEPLOYMENT_TARGET = 5.0;
			};
			name = Release;
		};
		98FF20892231ECCF00CAED73 /* Debug */ = {
			isa = XCBuildConfiguration;
			buildSettings = {
				ASSETCATALOG_COMPILER_APPICON_NAME = AppIcon;
				CODE_SIGN_STYLE = Automatic;
				DEVELOPMENT_TEAM = CXV7G77RCJ;
				INFOPLIST_FILE = SpitBallin/Info.plist;
				IPHONEOS_DEPLOYMENT_TARGET = 9.0;
				LD_RUNPATH_SEARCH_PATHS = (
					"$(inherited)",
					"@executable_path/Frameworks",
				);
				PRODUCT_BUNDLE_IDENTIFIER = Stevera.SpitBallin;
				PRODUCT_NAME = "$(TARGET_NAME)";
				SWIFT_VERSION = 5.0;
				TARGETED_DEVICE_FAMILY = "1,2";
			};
			name = Debug;
		};
		98FF208A2231ECCF00CAED73 /* Release */ = {
			isa = XCBuildConfiguration;
			buildSettings = {
				ASSETCATALOG_COMPILER_APPICON_NAME = AppIcon;
				CODE_SIGN_STYLE = Automatic;
				DEVELOPMENT_TEAM = CXV7G77RCJ;
				INFOPLIST_FILE = SpitBallin/Info.plist;
				IPHONEOS_DEPLOYMENT_TARGET = 9.0;
				LD_RUNPATH_SEARCH_PATHS = (
					"$(inherited)",
					"@executable_path/Frameworks",
				);
				PRODUCT_BUNDLE_IDENTIFIER = Stevera.SpitBallin;
				PRODUCT_NAME = "$(TARGET_NAME)";
				SWIFT_VERSION = 5.0;
				TARGETED_DEVICE_FAMILY = "1,2";
			};
			name = Release;
		};
/* End XCBuildConfiguration section */

/* Begin XCConfigurationList section */
		98FF204C2231ECCC00CAED73 /* Build configuration list for PBXProject "SpitBallin" */ = {
			isa = XCConfigurationList;
			buildConfigurations = (
				98FF207E2231ECCF00CAED73 /* Debug */,
				98FF207F2231ECCF00CAED73 /* Release */,
			);
			defaultConfigurationIsVisible = 0;
			defaultConfigurationName = Release;
		};
		98FF20802231ECCF00CAED73 /* Build configuration list for PBXNativeTarget "SpitBallin WatchKit Extension" */ = {
			isa = XCConfigurationList;
			buildConfigurations = (
				98FF20812231ECCF00CAED73 /* Debug */,
				98FF20822231ECCF00CAED73 /* Release */,
			);
			defaultConfigurationIsVisible = 0;
			defaultConfigurationName = Release;
		};
		98FF20842231ECCF00CAED73 /* Build configuration list for PBXNativeTarget "SpitBallin WatchKit App" */ = {
			isa = XCConfigurationList;
			buildConfigurations = (
				98FF20852231ECCF00CAED73 /* Debug */,
				98FF20862231ECCF00CAED73 /* Release */,
			);
			defaultConfigurationIsVisible = 0;
			defaultConfigurationName = Release;
		};
		98FF20882231ECCF00CAED73 /* Build configuration list for PBXNativeTarget "SpitBallin" */ = {
			isa = XCConfigurationList;
			buildConfigurations = (
				98FF20892231ECCF00CAED73 /* Debug */,
				98FF208A2231ECCF00CAED73 /* Release */,
			);
			defaultConfigurationIsVisible = 0;
			defaultConfigurationName = Release;
		};
/* End XCConfigurationList section */
	};
	rootObject = 98FF20492231ECCC00CAED73 /* Project object */;
}
